<?xml version="1.0" encoding="utf-8"?>
<Project ToolsVersion="4.0" xmlns="http://schemas.microsoft.com/developer/msbuild/2003">
  <ItemGroup>
    <Filter Include="Common">
      <UniqueIdentifier>c0559ae9-2d1d-491b-ba10-6e2605b7bf17</UniqueIdentifier>
    </Filter>
    <Filter Include="Assets">
      <UniqueIdentifier>ebebb1e8-0137-4211-9815-5f8df8e6909e</UniqueIdentifier>
      <Extensions>ico;cur;bmp;dds;dlg;fbx;rct;bin;rgs;gif;jpg;jpeg;jpe;resx;tga;tiff;tif;png;wav;mfcribbon-ms</Extensions>
    </Filter>
    <Filter Include="GameObjects">
      <UniqueIdentifier>{85494339-d3a0-4aab-8b45-f7e22cfda08d}</UniqueIdentifier>
    </Filter>
    <Filter Include="GameObjects\2D">
      <UniqueIdentifier>{3851f7ce-c669-4c10-955a-e2aee4abf106}</UniqueIdentifier>
    </Filter>
    <Filter Include="GameObjects\3D">
      <UniqueIdentifier>{6246de82-1015-4c3a-b8ad-f54b02ec128e}</UniqueIdentifier>
    </Filter>
    <Filter Include="GameObjects\2D\Headers">
      <UniqueIdentifier>{bd593a7f-51ac-44ea-b3f9-f5ff331d7b53}</UniqueIdentifier>
    </Filter>
    <Filter Include="GameObjects\2D\Source">
      <UniqueIdentifier>{7ad75a1f-e82c-4369-a4ed-92ab6af974da}</UniqueIdentifier>
    </Filter>
    <Filter Include="GameObjects\3D\Headers">
      <UniqueIdentifier>{d5f5b073-7c5e-49a4-afa1-5af581eda6e2}</UniqueIdentifier>
    </Filter>
    <Filter Include="GameObjects\3D\Source">
      <UniqueIdentifier>{32b089ec-d6eb-4d4b-8588-e1678ceb5426}</UniqueIdentifier>
    </Filter>
    <Filter Include="GameObjects\Sounds">
      <UniqueIdentifier>{58dab2df-41ab-41d7-a757-ee03d066c55c}</UniqueIdentifier>
    </Filter>
    <Filter Include="GameObjects\Sounds\Headers">
      <UniqueIdentifier>{476e8f58-4862-4ba4-8b81-b98f94a7b80f}</UniqueIdentifier>
    </Filter>
    <Filter Include="GameObjects\Sounds\Source">
      <UniqueIdentifier>{961e8af5-86df-4189-a3b7-f30efdac3ab3}</UniqueIdentifier>
    </Filter>
    <Filter Include="Game Base">
      <UniqueIdentifier>{b4a4bf75-3cb8-4a7b-9b5e-db4ff132aba2}</UniqueIdentifier>
    </Filter>
    <Filter Include="Game Base\Headers">
      <UniqueIdentifier>{6cc53fe2-9597-4029-87e9-f973aa967c6c}</UniqueIdentifier>
    </Filter>
    <Filter Include="Game Base\Source">
      <UniqueIdentifier>{c6145a56-6b6a-4cdf-aecf-c59fe5db8df0}</UniqueIdentifier>
    </Filter>
    <Filter Include="EventSystem">
      <UniqueIdentifier>{1a0c6eb3-73bb-4338-a7e4-fc22ba66fdae}</UniqueIdentifier>
    </Filter>
    <Filter Include="EventSystem\Headers">
      <UniqueIdentifier>{51ea1b83-3d45-44e8-a912-d04afd184f7c}</UniqueIdentifier>
    </Filter>
    <Filter Include="EventSystem\Source">
      <UniqueIdentifier>{f3a3a7fb-7fd5-48b9-b0df-eda561ae47cd}</UniqueIdentifier>
    </Filter>
    <Filter Include="Scenes">
      <UniqueIdentifier>{9bce7c62-08ba-4968-9a78-279dfa0296d9}</UniqueIdentifier>
    </Filter>
    <Filter Include="Scenes\Headers">
      <UniqueIdentifier>{a66e5bc7-6282-412a-9228-227fd48d4245}</UniqueIdentifier>
    </Filter>
    <Filter Include="Scenes\Source">
      <UniqueIdentifier>{88b49f53-087f-400f-b91b-12ca9623bc4c}</UniqueIdentifier>
    </Filter>
    <Filter Include="GameObjects\Stages">
      <UniqueIdentifier>{cced7f72-2676-454c-a6ab-633a22899f45}</UniqueIdentifier>
    </Filter>
    <Filter Include="GameObjects\Stages\Header">
      <UniqueIdentifier>{34da4d48-e90b-4493-b151-a8948b13719a}</UniqueIdentifier>
    </Filter>
    <Filter Include="GameObjects\Stages\Source">
      <UniqueIdentifier>{901b3222-49c9-4a70-aab2-7c8d0e2778b4}</UniqueIdentifier>
    </Filter>
    <Filter Include="Items">
      <UniqueIdentifier>{75a67776-97ae-4f58-b325-a572cc2488b3}</UniqueIdentifier>
    </Filter>
    <Filter Include="Items\Headers">
      <UniqueIdentifier>{c999f233-620d-4052-a490-63ac4a6d12e1}</UniqueIdentifier>
    </Filter>
    <Filter Include="Items\Source">
      <UniqueIdentifier>{8db5002c-5dc3-41f3-87df-76ee9f1c409b}</UniqueIdentifier>
    </Filter>
    <Filter Include="Attacks">
      <UniqueIdentifier>{1dc3f502-6646-4c28-88b7-ec38f84796a2}</UniqueIdentifier>
    </Filter>
    <Filter Include="Physics">
      <UniqueIdentifier>{1d143d64-633e-49e5-a5a5-06765ab49473}</UniqueIdentifier>
    </Filter>
    <Filter Include="Attacks\Headers">
      <UniqueIdentifier>{7125c717-77a9-45f0-850d-da99fd1b37fb}</UniqueIdentifier>
    </Filter>
    <Filter Include="Attacks\Source">
      <UniqueIdentifier>{692f295d-8453-4a1d-a5fa-2086be35cfd1}</UniqueIdentifier>
    </Filter>
    <Filter Include="Headers">
      <UniqueIdentifier>{cb8250ec-117a-4e11-ba8f-18bbd60a9c3e}</UniqueIdentifier>
    </Filter>
    <Filter Include="Source">
      <UniqueIdentifier>{27dfed5a-179f-40c2-97ca-9ea8d6398f1c}</UniqueIdentifier>
    </Filter>
  </ItemGroup>
  <ItemGroup>
    <ClInclude Include="StepTimer.h">
      <Filter>Common</Filter>
    </ClInclude>
    <ClInclude Include="d3dx12.h">
      <Filter>Common</Filter>
    </ClInclude>
    <ClInclude Include="GameObjectList.h">
      <Filter>GameObjects</Filter>
    </ClInclude>
    <ClInclude Include="GameObject2D.h">
      <Filter>GameObjects\2D\Headers</Filter>
    </ClInclude>
    <ClInclude Include="ImageGO2D.h">
      <Filter>GameObjects\2D\Headers</Filter>
    </ClInclude>
    <ClInclude Include="Text2D.h">
      <Filter>GameObjects\2D\Headers</Filter>
    </ClInclude>
    <ClInclude Include="GameObject3D.h">
      <Filter>GameObjects\3D\Headers</Filter>
    </ClInclude>
    <ClInclude Include="PBGO3D.h">
      <Filter>GameObjects\3D\Headers</Filter>
    </ClInclude>
    <ClInclude Include="Camera.h">
      <Filter>GameObjects\3D\Headers</Filter>
    </ClInclude>
    <ClInclude Include="TestPBGO3D.h">
      <Filter>GameObjects\3D\Headers</Filter>
    </ClInclude>
    <ClInclude Include="GPGO3D.h">
      <Filter>GameObjects\3D\Headers</Filter>
    </ClInclude>
    <ClInclude Include="SDKMeshGO3D.h">
      <Filter>GameObjects\3D\Headers</Filter>
    </ClInclude>
    <ClInclude Include="Sound.h">
      <Filter>GameObjects\Sounds\Headers</Filter>
    </ClInclude>
    <ClInclude Include="Loop.h">
      <Filter>GameObjects\Sounds\Headers</Filter>
    </ClInclude>
    <ClInclude Include="Game.h">
      <Filter>Game Base\Headers</Filter>
    </ClInclude>
    <ClInclude Include="GameStateData.h">
      <Filter>Game Base\Headers</Filter>
    </ClInclude>
    <ClInclude Include="RenderData.h">
      <Filter>Game Base\Headers</Filter>
    </ClInclude>
    <ClInclude Include="pch.h">
      <Filter>Game Base\Headers</Filter>
    </ClInclude>
    <ClInclude Include="TestSound.h">
      <Filter>GameObjects\Sounds\Headers</Filter>
    </ClInclude>
    <ClInclude Include="EventRotate.h">
      <Filter>EventSystem\Headers</Filter>
    </ClInclude>
    <ClInclude Include="EventScaleUp.h">
      <Filter>EventSystem\Headers</Filter>
    </ClInclude>
    <ClInclude Include="EventSystem.h">
      <Filter>EventSystem\Headers</Filter>
    </ClInclude>
    <ClInclude Include="Scene.h">
      <Filter>Scenes\Headers</Filter>
    </ClInclude>
    <ClInclude Include="GameScene.h">
      <Filter>Scenes\Headers</Filter>
    </ClInclude>
    <ClInclude Include="EventHandler.h">
      <Filter>EventSystem\Headers</Filter>
    </ClInclude>
    <ClInclude Include="Events.h">
      <Filter>EventSystem</Filter>
    </ClInclude>
    <ClInclude Include="AllScenes.h">
      <Filter>Game Base\Headers</Filter>
    </ClInclude>
    <ClInclude Include="Stage.h">
      <Filter>GameObjects\Stages\Header</Filter>
    </ClInclude>
    <ClInclude Include="FinalDestination.h">
      <Filter>GameObjects\Stages\Header</Filter>
    </ClInclude>
    <ClInclude Include="MovingPlatform.h">
      <Filter>GameObjects\2D\Headers</Filter>
    </ClInclude>
    <ClInclude Include="Events.h">
      <Filter>EventSystem</Filter>
    </ClInclude>
    <ClInclude Include="Platform.h">
      <Filter>GameObjects\2D\Headers</Filter>
    </ClInclude>
    <ClInclude Include="SceneHandler.h">
      <Filter>EventSystem\Headers</Filter>
    </ClInclude>
    <ClInclude Include="GameObjectTags.h">
      <Filter>GameObjects</Filter>
    </ClInclude>
    <ClInclude Include="InputSystem.h">
      <Filter>EventSystem\Headers</Filter>
    </ClInclude>
    <ClInclude Include="MenuButton.h">
      <Filter>GameObjects\2D\Headers</Filter>
    </ClInclude>
    <ClInclude Include="Item.h">
      <Filter>Items\Headers</Filter>
    </ClInclude>
    <ClInclude Include="Throwable.h">
      <Filter>Items\Headers</Filter>
    </ClInclude>
    <ClInclude Include="MeleeWeapon.h">
      <Filter>Items\Headers</Filter>
    </ClInclude>
    <ClInclude Include="Characters.h">
      <Filter>GameObjects\2D\Headers</Filter>
    </ClInclude>
    <ClInclude Include="SpawnHandler.h">
      <Filter>EventSystem\Headers</Filter>
    </ClInclude>
    <ClInclude Include="Explosive.h">
      <Filter>Items\Headers</Filter>
    </ClInclude>
    <ClInclude Include="ItemSpawner.h">
      <Filter>Items\Headers</Filter>
    </ClInclude>
    <ClInclude Include="Physics2D.h">
      <Filter>Physics</Filter>
    </ClInclude>
    <ClInclude Include="VisiblePhysics.h">
      <Filter>Physics</Filter>
    </ClInclude>
    <ClInclude Include="Attack.h">
      <Filter>Attacks\Headers</Filter>
    </ClInclude>
    <ClInclude Include="AttackData.h">
      <Filter>Attacks\Headers</Filter>
    </ClInclude>
    <ClInclude Include="DamageCollider.h">
      <Filter>Attacks\Headers</Filter>
    </ClInclude>
    <ClInclude Include="CounterAttack.h">
      <Filter>Attacks\Headers</Filter>
    </ClInclude>
    <ClInclude Include="GrabAttack.h">
      <Filter>Attacks\Headers</Filter>
    </ClInclude>
    <ClInclude Include="PassiveAttack.h">
      <Filter>Attacks\Headers</Filter>
    </ClInclude>
    <ClInclude Include="DashAttack.h">
      <Filter>Attacks\Headers</Filter>
    </ClInclude>
    <ClInclude Include="GameSettingsScene.h">
      <Filter>Scenes\Headers</Filter>
    </ClInclude>
    <ClInclude Include="StandardAttack.h">
      <Filter>Attacks\Headers</Filter>
    </ClInclude>
    <ClInclude Include="MeleeScene.h">
      <Filter>Scenes\Headers</Filter>
    </ClInclude>
    <ClInclude Include="CharSelectScene.h">
      <Filter>Scenes\Headers</Filter>
    </ClInclude>
    <ClInclude Include="GameOverScene.h">
      <Filter>Scenes\Headers</Filter>
    </ClInclude>
    <ClInclude Include="Explosion.h">
      <Filter>Items\Headers</Filter>
    </ClInclude>
    <ClInclude Include="ItemState.h">
      <Filter>Items\Headers</Filter>
    </ClInclude>
    <ClInclude Include="GameSettingsHandler.h">
      <Filter>EventSystem\Headers</Filter>
    </ClInclude>
    <ClInclude Include="CharacterLifeHandler.h">
      <Filter>EventSystem\Headers</Filter>
    </ClInclude>
    <ClInclude Include="AudioHandler.h">
      <Filter>EventSystem\Headers</Filter>
    </ClInclude>
    <ClInclude Include="Background.h">
      <Filter>GameObjects\2D\Headers</Filter>
    </ClInclude>
    <ClInclude Include="Particle.h" />
    <ClInclude Include="Emitter.h" />
    <ClInclude Include="Animation2D.h" />
    <ClInclude Include="TestAnim.h" />
    <ClInclude Include="Tornado.h">
      <Filter>Items\Headers</Filter>
    </ClInclude>
    <ClInclude Include="Animation2D.h">
      <Filter>Headers</Filter>
    </ClInclude>
    <ClInclude Include="CharacterController.h">
      <Filter>Headers</Filter>
    </ClInclude>
    <ClInclude Include="CharacterManager.h">
      <Filter>Headers</Filter>
    </ClInclude>
    <ClInclude Include="Emitter.h">
      <Filter>Headers</Filter>
    </ClInclude>
    <ClInclude Include="HUD.h">
      <Filter>Headers</Filter>
    </ClInclude>
    <ClInclude Include="Menu.h">
      <Filter>Headers</Filter>
    </ClInclude>
    <ClInclude Include="Particle.h">
      <Filter>Headers</Filter>
    </ClInclude>
    <ClInclude Include="Player.h">
      <Filter>Headers</Filter>
    </ClInclude>
    <ClInclude Include="ReadFile.h">
      <Filter>Headers</Filter>
    </ClInclude>
    <ClInclude Include="TestAnim.h">
      <Filter>Headers</Filter>
    </ClInclude>
    <ClInclude Include="IdleHandler.h">
      <Filter>Headers</Filter>
    </ClInclude>
    <ClInclude Include="TitleScene.h">
      <Filter>Scenes\Headers</Filter>
    </ClInclude>
    <ClInclude Include="Buff.h">
      <Filter>Items\Headers</Filter>
    </ClInclude>
    <ClInclude Include="ControllerFont.h" />
    <ClInclude Include="AIController.h">
      <Filter>Headers</Filter>
    </ClInclude>
    <ClInclude Include="DemoScene.h">
      <Filter>Scenes\Headers</Filter>
    </ClInclude>
    <ClInclude Include="SystemSettingsScene.h">
      <Filter>Scenes\Headers</Filter>
    </ClInclude>
  </ItemGroup>
  <ItemGroup>
    <ClCompile Include="GameObject2D.cpp">
      <Filter>GameObjects\2D\Source</Filter>
    </ClCompile>
    <ClCompile Include="ImageGO2D.cpp">
      <Filter>GameObjects\2D\Source</Filter>
    </ClCompile>
    <ClCompile Include="Text2D.cpp">
      <Filter>GameObjects\2D\Source</Filter>
    </ClCompile>
    <ClCompile Include="GameObject3D.cpp">
      <Filter>GameObjects\3D\Source</Filter>
    </ClCompile>
    <ClCompile Include="PBGO3D.cpp">
      <Filter>GameObjects\3D\Source</Filter>
    </ClCompile>
    <ClCompile Include="Camera.cpp">
      <Filter>GameObjects\3D\Source</Filter>
    </ClCompile>
    <ClCompile Include="TestPBGO3D.cpp">
      <Filter>GameObjects\3D\Source</Filter>
    </ClCompile>
    <ClCompile Include="GPGO3D.cpp">
      <Filter>GameObjects\3D\Source</Filter>
    </ClCompile>
    <ClCompile Include="SDKMeshGO3D.cpp">
      <Filter>GameObjects\3D\Source</Filter>
    </ClCompile>
    <ClCompile Include="Sound.cpp">
      <Filter>GameObjects\Sounds\Source</Filter>
    </ClCompile>
    <ClCompile Include="Loop.cpp">
      <Filter>GameObjects\Sounds\Source</Filter>
    </ClCompile>
    <ClCompile Include="Game.cpp">
      <Filter>Game Base\Source</Filter>
    </ClCompile>
    <ClCompile Include="Main.cpp">
      <Filter>Game Base\Source</Filter>
    </ClCompile>
    <ClCompile Include="pch.cpp">
      <Filter>Game Base\Source</Filter>
    </ClCompile>
    <ClCompile Include="TestSound.cpp">
      <Filter>GameObjects\Sounds\Source</Filter>
    </ClCompile>
    <ClCompile Include="EventRotate.cpp">
      <Filter>EventSystem\Source</Filter>
    </ClCompile>
    <ClCompile Include="EventScaleUp.cpp">
      <Filter>EventSystem\Source</Filter>
    </ClCompile>
    <ClCompile Include="EventSystem.cpp">
      <Filter>EventSystem\Source</Filter>
    </ClCompile>
    <ClCompile Include="EventHandler.cpp">
      <Filter>EventSystem\Source</Filter>
    </ClCompile>
    <ClCompile Include="GameScene.cpp">
      <Filter>Scenes\Source</Filter>
    </ClCompile>
    <ClCompile Include="Scene.cpp">
      <Filter>Scenes\Source</Filter>
    </ClCompile>
    <ClCompile Include="Stage.cpp">
      <Filter>GameObjects\Stages\Source</Filter>
    </ClCompile>
    <ClCompile Include="FinalDestination.cpp">
      <Filter>GameObjects\Stages\Source</Filter>
    </ClCompile>
    <ClCompile Include="MovingPlatform.cpp">
      <Filter>GameObjects\2D\Source</Filter>
    </ClCompile>
    <ClCompile Include="Platform.cpp">
      <Filter>GameObjects\2D\Source</Filter>
    </ClCompile>
    <ClCompile Include="SceneHandler.cpp">
      <Filter>EventSystem\Source</Filter>
    </ClCompile>
    <ClCompile Include="InputSystem.cpp">
      <Filter>EventSystem\Source</Filter>
    </ClCompile>
    <ClCompile Include="MenuButton.cpp">
      <Filter>GameObjects\2D\Source</Filter>
    </ClCompile>
    <ClCompile Include="Item.cpp">
      <Filter>Items\Source</Filter>
    </ClCompile>
    <ClCompile Include="Throwable.cpp">
      <Filter>Items\Source</Filter>
    </ClCompile>
    <ClCompile Include="MeleeWeapon.cpp">
      <Filter>Items\Source</Filter>
    </ClCompile>
    <ClCompile Include="Characters.cpp">
      <Filter>GameObjects\2D\Source</Filter>
    </ClCompile>
    <ClCompile Include="Explosive.cpp">
      <Filter>Items\Source</Filter>
    </ClCompile>
    <ClCompile Include="ItemSpawner.cpp">
      <Filter>Items\Source</Filter>
    </ClCompile>
    <ClCompile Include="SpawnHandler.cpp">
      <Filter>EventSystem\Source</Filter>
    </ClCompile>
    <ClCompile Include="VisiblePhysics.cpp">
      <Filter>Physics</Filter>
    </ClCompile>
    <ClCompile Include="Physics2D.cpp">
      <Filter>Physics</Filter>
    </ClCompile>
    <ClCompile Include="DamageCollider.cpp">
      <Filter>Attacks\Source</Filter>
    </ClCompile>
    <ClCompile Include="GameSettingsScene.cpp">
      <Filter>Scenes\Source</Filter>
    </ClCompile>
    <ClCompile Include="DashAttack.cpp">
      <Filter>Attacks\Source</Filter>
    </ClCompile>
    <ClCompile Include="StandardAttack.cpp">
      <Filter>Attacks\Source</Filter>
    </ClCompile>
    <ClCompile Include="MeleeScene.cpp">
      <Filter>Scenes\Source</Filter>
    </ClCompile>
    <ClCompile Include="CharSelectScene.cpp">
      <Filter>Scenes\Source</Filter>
    </ClCompile>
    <ClCompile Include="GameOverScene.cpp">
      <Filter>Scenes\Source</Filter>
    </ClCompile>
    <ClCompile Include="Explosion.cpp">
      <Filter>Items\Source</Filter>
    </ClCompile>
    <ClCompile Include="GameSettingsHandler.cpp">
      <Filter>EventSystem\Source</Filter>
    </ClCompile>
    <ClCompile Include="AudioHandler.cpp">
      <Filter>EventSystem\Source</Filter>
    </ClCompile>
    <ClCompile Include="CharacterLifeHandler.cpp">
      <Filter>EventSystem\Source</Filter>
    </ClCompile>
    <ClCompile Include="Background.cpp">
      <Filter>GameObjects\2D\Source</Filter>
    </ClCompile>
    <ClCompile Include="Particle.cpp" />
    <ClCompile Include="Emitter.cpp" />
    <ClCompile Include="Animation2D.cpp" />
    <ClCompile Include="TestAnim.cpp" />
    <ClCompile Include="Tornado.cpp">
      <Filter>Items\Source</Filter>
    </ClCompile>
    <ClCompile Include="Animation2D.cpp">
      <Filter>Source</Filter>
    </ClCompile>
    <ClCompile Include="CharacterController.cpp">
      <Filter>Source</Filter>
    </ClCompile>
    <ClCompile Include="CharacterManager.cpp">
      <Filter>Source</Filter>
    </ClCompile>
    <ClCompile Include="Emitter.cpp">
      <Filter>Source</Filter>
    </ClCompile>
    <ClCompile Include="HUD.cpp">
      <Filter>Source</Filter>
    </ClCompile>
    <ClCompile Include="Menu.cpp">
      <Filter>Source</Filter>
    </ClCompile>
    <ClCompile Include="Particle.cpp">
      <Filter>Source</Filter>
    </ClCompile>
    <ClCompile Include="Player.cpp">
      <Filter>Source</Filter>
    </ClCompile>
    <ClCompile Include="TestAnim.cpp">
      <Filter>Source</Filter>
    </ClCompile>
    <ClCompile Include="IdleHandler.cpp">
      <Filter>Source</Filter>
    </ClCompile>
    <ClCompile Include="TitleScene.cpp">
      <Filter>Scenes\Source</Filter>
    </ClCompile>
    <ClCompile Include="Buff.cpp">
      <Filter>Items\Source</Filter>
    </ClCompile>
    <ClCompile Include="AIController.cpp">
      <Filter>Source</Filter>
    </ClCompile>
    <ClCompile Include="DemoScene.cpp">
      <Filter>Scenes\Source</Filter>
    </ClCompile>
    <ClCompile Include="SystemSettingsScene.cpp">
      <Filter>Scenes\Source</Filter>
    </ClCompile>
  </ItemGroup>
  <ItemGroup>
    <ResourceCompile Include="resource.rc" />
  </ItemGroup>
  <ItemGroup>
    <Image Include="directx.ico">
      <Filter>Assets</Filter>
    </Image>
  </ItemGroup>
  <ItemGroup>
    <Manifest Include="settings.manifest">
      <Filter>Assets</Filter>
    </Manifest>
  </ItemGroup>
</Project>